
Microsoft Visual Studio Solution File, Format Version 12.00
# Visual Studio Version 17
VisualStudioVersion = 17.7.34024.191
MinimumVisualStudioVersion = 10.0.40219.1
Project("{9A19103F-16F7-4668-BE54-9A1E7A4F7556}") = "Zarp", "Zarp\Zarp.csproj", "{99A137F9-D202-477C-8C18-C03F2E506A16}"
EndProject
Global
	GlobalSection(SolutionConfigurationPlatforms) = preSolution
		Debug|Any CPU = Debug|Any CPU
		Release|Any CPU = Release|Any CPU
	EndGlobalSection
	GlobalSection(ProjectConfigurationPlatforms) = postSolution
		{99A137F9-D202-477C-8C18-C03F2E506A16}.Debug|Any CPU.ActiveCfg = Debug|Any CPU
		{99A137F9-D202-477C-8C18-C03F2E506A16}.Debug|Any CPU.Build.0 = Debug|Any CPU
		{99A137F9-D202-477C-8C18-C03F2E506A16}.Release|Any CPU.ActiveCfg = Release|Any CPU
		{99A137F9-D202-477C-8C18-C03F2E506A16}.Release|Any CPU.Build.0 = Release|Any CPU
	EndGlobalSection
	GlobalSection(SolutionProperties) = preSolution
		HideSolutionNode = FALSE
	EndGlobalSection
	GlobalSection(ExtensibilityGlobals) = postSolution
		SolutionGuid = {085D9532-BC3F-4200-8B14-A1EA9FC7EA3E}
	EndGlobalSection
EndGlobal
